{
  "name": "cryptocurrency-icon",
  "version": "1.0.0",
  "lockfileVersion": 1,
  "requires": true,
  "dependencies": {
    "cryptocurrency-icons": {
      "version": "0.15.0",
      "resolved": "https://registry.npmjs.org/cryptocurrency-icons/-/cryptocurrency-icons-0.15.0.tgz",
      "integrity": "sha512-OWYSBRWWxk9+eYjyp0kwbkY1w1yxSkLUBGkc0xuocfgd4AAbi8AkFKva/Gzufcprc/C0h69z5FgfCJ9Pe1/8gA=="
    }
  }
}
